
Microsoft Visual Studio Solution File, Format Version 12.00
# Visual Studio Version 16
VisualStudioVersion = 16.0.31105.61
MinimumVisualStudioVersion = 10.0.40219.1
Project("{FAE04EC0-301F-11D3-BF4B-00C04F79EFBC}") = "MathApp.App", "src\MathApp.App\MathApp.App.csproj", "{92CB8065-258E-489B-A24C-EE235A599554}"
EndProject
Global
	GlobalSection(SolutionConfigurationPlatforms) = preSolution
		Debug|Any CPU = Debug|Any CPU
		Release|Any CPU = Release|Any CPU
	EndGlobalSection
	GlobalSection(ProjectConfigurationPlatforms) = postSolution
		{92CB8065-258E-489B-A24C-EE235A599554}.Debug|Any CPU.ActiveCfg = Debug|Any CPU
		{92CB8065-258E-489B-A24C-EE235A599554}.Debug|Any CPU.Build.0 = Debug|Any CPU
		{92CB8065-258E-489B-A24C-EE235A599554}.Release|Any CPU.ActiveCfg = Release|Any CPU
		{92CB8065-258E-489B-A24C-EE235A599554}.Release|Any CPU.Build.0 = Release|Any CPU
	EndGlobalSection
	GlobalSection(SolutionProperties) = preSolution
		HideSolutionNode = FALSE
	EndGlobalSection
	GlobalSection(ExtensibilityGlobals) = postSolution
		SolutionGuid = {D5F21787-CF9D-4747-A3D0-E9752FC5525E}
	EndGlobalSection
EndGlobal
